PODS:
  - CocoaLumberjack (3.4.1):
    - CocoaLumberjack/Default (= 3.4.1)
    - CocoaLumberjack/Extensions (= 3.4.1)
  - CocoaLumberjack/Default (3.4.1)
  - CocoaLumberjack/Extensions (3.4.1):
    - CocoaLumberjack/Default

DEPENDENCIES:
  - CocoaLumberjack

SPEC REPOS:
  https://github.com/cocoapods/specs.git:
    - CocoaLumberjack

SPEC CHECKSUMS:
  CocoaLumberjack: 2e258a064cacc8eb9a2aca318e24d02a0a7fd56d

PODFILE CHECKSUM: 1216978cdc138b77f9ee949babd995a36992187d

COCOAPODS: 1.5.3
