// !$*UTF8*$!
{
	archiveVersion = 1;
	classes = {
	};
	objectVersion = 50;
	objects = {

/* Begin PBXBuildFile section */
		0744FA10F0217153FA78CCFC /* libPods-CubeAgentMacOSUITests.a in Frameworks */ = {isa = PBXBuildFile; fileRef = 50E9D5CA9ED6CECC454AAAB6 /* libPods-CubeAgentMacOSUITests.a */; };
		50E3B6DD21AFF5F8002F904A /* HomeViewController.m in Sources */ = {isa = PBXBuildFile; fileRef = 50E3B6DC21AFF5F8002F904A /* HomeViewController.m */; };
		841DEFF221C13E5600AF99BE /* BaseLogFileManager.m in Sources */ = {isa = PBXBuildFile; fileRef = 841DEFEE21C13E5600AF99BE /* BaseLogFileManager.m */; };
		841DEFF321C13E5600AF99BE /* UITextViewLogger.m in Sources */ = {isa = PBXBuildFile; fileRef = 841DEFF121C13E5600AF99BE /* UITextViewLogger.m */; };
		841E1B4521A80BCB006F5C63 /* AppDelegate.m in Sources */ = {isa = PBXBuildFile; fileRef = 841E1B4421A80BCB006F5C63 /* AppDelegate.m */; };
		841E1B4821A80BCB006F5C63 /* ViewController.m in Sources */ = {isa = PBXBuildFile; fileRef = 841E1B4721A80BCB006F5C63 /* ViewController.m */; };
		841E1B4A21A80BCE006F5C63 /* Assets.xcassets in Resources */ = {isa = PBXBuildFile; fileRef = 841E1B4921A80BCE006F5C63 /* Assets.xcassets */; };
		841E1B4D21A80BCE006F5C63 /* Main.storyboard in Resources */ = {isa = PBXBuildFile; fileRef = 841E1B4B21A80BCE006F5C63 /* Main.storyboard */; };
		841E1B5021A80BCE006F5C63 /* main.m in Sources */ = {isa = PBXBuildFile; fileRef = 841E1B4F21A80BCE006F5C63 /* main.m */; };
		841E1B5B21A80BCF006F5C63 /* CubeAgentMacOSTests.m in Sources */ = {isa = PBXBuildFile; fileRef = 841E1B5A21A80BCF006F5C63 /* CubeAgentMacOSTests.m */; };
		841E1B6621A80BCF006F5C63 /* CubeAgentMacOSUITests.m in Sources */ = {isa = PBXBuildFile; fileRef = 841E1B6521A80BCF006F5C63 /* CubeAgentMacOSUITests.m */; };
		841E1BF021A80CA7006F5C63 /* Reachability.m in Sources */ = {isa = PBXBuildFile; fileRef = 841E1BAC21A80CA6006F5C63 /* Reachability.m */; };
		841E1BF421A80CA7006F5C63 /* Keychain.m in Sources */ = {isa = PBXBuildFile; fileRef = 841E1BBA21A80CA6006F5C63 /* Keychain.m */; };
		841E1BF621A80CA7006F5C63 /* NSData+AES256.m in Sources */ = {isa = PBXBuildFile; fileRef = 841E1BC521A80CA6006F5C63 /* NSData+AES256.m */; };
		841E1BF821A80CA7006F5C63 /* SharedSession.m in Sources */ = {isa = PBXBuildFile; fileRef = 841E1BCE21A80CA7006F5C63 /* SharedSession.m */; };
		841E1BF921A80CA7006F5C63 /* DownloadMetaDataJob.m in Sources */ = {isa = PBXBuildFile; fileRef = 841E1BD121A80CA7006F5C63 /* DownloadMetaDataJob.m */; };
		841E1BFA21A80CA7006F5C63 /* APIManager.m in Sources */ = {isa = PBXBuildFile; fileRef = 841E1BD221A80CA7006F5C63 /* APIManager.m */; };
		841E1CCE21A82670006F5C63 /* SBJson4StreamParser.m in Sources */ = {isa = PBXBuildFile; fileRef = 841E1CC021A82670006F5C63 /* SBJson4StreamParser.m */; };
		841E1CCF21A82670006F5C63 /* SBJson4StreamTokeniser.m in Sources */ = {isa = PBXBuildFile; fileRef = 841E1CC121A82670006F5C63 /* SBJson4StreamTokeniser.m */; };
		841E1CD021A82670006F5C63 /* SBJson4StreamParserState.m in Sources */ = {isa = PBXBuildFile; fileRef = 841E1CC221A82670006F5C63 /* SBJson4StreamParserState.m */; };
		841E1CD121A82670006F5C63 /* SBJson4StreamWriterState.m in Sources */ = {isa = PBXBuildFile; fileRef = 841E1CC321A82670006F5C63 /* SBJson4StreamWriterState.m */; };
		841E1CD221A82670006F5C63 /* SBJson4Writer.m in Sources */ = {isa = PBXBuildFile; fileRef = 841E1CC421A82670006F5C63 /* SBJson4Writer.m */; };
		841E1CD321A82670006F5C63 /* SBJson4Parser.m in Sources */ = {isa = PBXBuildFile; fileRef = 841E1CC821A82670006F5C63 /* SBJson4Parser.m */; };
		841E1CD421A82670006F5C63 /* SBJson4StreamWriter.m in Sources */ = {isa = PBXBuildFile; fileRef = 841E1CCB21A82670006F5C63 /* SBJson4StreamWriter.m */; };
		841E1CD521A82691006F5C63 /* SBJson4.h in Sources */ = {isa = PBXBuildFile; fileRef = 841E1CC621A82670006F5C63 /* SBJson4.h */; };
		841E1CD921A84415006F5C63 /* IOKit.framework in Frameworks */ = {isa = PBXBuildFile; fileRef = 841E1CD821A84415006F5C63 /* IOKit.framework */; };
		8438169221BD44E800465805 /* AudioFile.m in Sources */ = {isa = PBXBuildFile; fileRef = 8438169121BD44E800465805 /* AudioFile.m */; };
		844FCEAD21C5111600711F3F /* MBProgressHUD.m in Sources */ = {isa = PBXBuildFile; fileRef = 844FCEAB21C5111600711F3F /* MBProgressHUD.m */; };
		846EB11621B1568D006EA4FF /* AppPreferences.m in Sources */ = {isa = PBXBuildFile; fileRef = 846EB11521B1568D006EA4FF /* AppPreferences.m */; };
		846EB11A21B15974006EA4FF /* User.m in Sources */ = {isa = PBXBuildFile; fileRef = 846EB11921B15974006EA4FF /* User.m */; };
		846EB11D21B16FCA006EA4FF /* CubeConfig.m in Sources */ = {isa = PBXBuildFile; fileRef = 846EB11C21B16FCA006EA4FF /* CubeConfig.m */; };
		84CB517121B7C98100E868A0 /* ViewTCIdList.m in Sources */ = {isa = PBXBuildFile; fileRef = 84CB517021B7C98100E868A0 /* ViewTCIdList.m */; };
		84CB517421B7F30A00E868A0 /* VCIdList.m in Sources */ = {isa = PBXBuildFile; fileRef = 84CB517321B7F30A00E868A0 /* VCIdList.m */; };
		8EC800D192C310E15C0F317C /* libPods-CubeAgentMacOS.a in Frameworks */ = {isa = PBXBuildFile; fileRef = 5FBE6D1D50AB902C84FDBE0C /* libPods-CubeAgentMacOS.a */; };
		AC7D0A3F3A62599510C2570A /* libPods-CubeAgentMacOSTests.a in Frameworks */ = {isa = PBXBuildFile; fileRef = 5A9CF563AD685F08279D34FE /* libPods-CubeAgentMacOSTests.a */; };
/* End PBXBuildFile section */

/* Begin PBXContainerItemProxy section */
		841E1B5721A80BCF006F5C63 /* PBXContainerItemProxy */ = {
			isa = PBXContainerItemProxy;
			containerPortal = 841E1B3821A80BCB006F5C63 /* Project object */;
			proxyType = 1;
			remoteGlobalIDString = 841E1B3F21A80BCB006F5C63;
			remoteInfo = CubeAgentMacOS;
		};
		841E1B6221A80BCF006F5C63 /* PBXContainerItemProxy */ = {
			isa = PBXContainerItemProxy;
			containerPortal = 841E1B3821A80BCB006F5C63 /* Project object */;
			proxyType = 1;
			remoteGlobalIDString = 841E1B3F21A80BCB006F5C63;
			remoteInfo = CubeAgentMacOS;
		};
/* End PBXContainerItemProxy section */

/* Begin PBXFileReference section */
		0C2420EF1B5864FD0C5433F5 /* Pods-CubeAgentMacOSUITests.release.xcconfig */ = {isa = PBXFileReference; includeInIndex = 1; lastKnownFileType = text.xcconfig; name = "Pods-CubeAgentMacOSUITests.release.xcconfig"; path = "Pods/Target Support Files/Pods-CubeAgentMacOSUITests/Pods-CubeAgentMacOSUITests.release.xcconfig"; sourceTree = "<group>"; };
		50E3B6DB21AFF5F8002F904A /* HomeViewController.h */ = {isa = PBXFileReference; lastKnownFileType = sourcecode.c.h; path = HomeViewController.h; sourceTree = "<group>"; };
		50E3B6DC21AFF5F8002F904A /* HomeViewController.m */ = {isa = PBXFileReference; lastKnownFileType = sourcecode.c.objc; path = HomeViewController.m; sourceTree = "<group>"; };
		50E9D5CA9ED6CECC454AAAB6 /* libPods-CubeAgentMacOSUITests.a */ = {isa = PBXFileReference; explicitFileType = archive.ar; includeInIndex = 0; path = "libPods-CubeAgentMacOSUITests.a"; sourceTree = BUILT_PRODUCTS_DIR; };
		58966E2468DA07209F27720A /* Pods-CubeAgentMacOSUITests.debug.xcconfig */ = {isa = PBXFileReference; includeInIndex = 1; lastKnownFileType = text.xcconfig; name = "Pods-CubeAgentMacOSUITests.debug.xcconfig"; path = "Pods/Target Support Files/Pods-CubeAgentMacOSUITests/Pods-CubeAgentMacOSUITests.debug.xcconfig"; sourceTree = "<group>"; };
		5A9CF563AD685F08279D34FE /* libPods-CubeAgentMacOSTests.a */ = {isa = PBXFileReference; explicitFileType = archive.ar; includeInIndex = 0; path = "libPods-CubeAgentMacOSTests.a"; sourceTree = BUILT_PRODUCTS_DIR; };
		5FBE6D1D50AB902C84FDBE0C /* libPods-CubeAgentMacOS.a */ = {isa = PBXFileReference; explicitFileType = archive.ar; includeInIndex = 0; path = "libPods-CubeAgentMacOS.a"; sourceTree = BUILT_PRODUCTS_DIR; };
		7DDAD96E9F360FCA5E3FA86C /* Pods-CubeAgentMacOSTests.release.xcconfig */ = {isa = PBXFileReference; includeInIndex = 1; lastKnownFileType = text.xcconfig; name = "Pods-CubeAgentMacOSTests.release.xcconfig"; path = "Pods/Target Support Files/Pods-CubeAgentMacOSTests/Pods-CubeAgentMacOSTests.release.xcconfig"; sourceTree = "<group>"; };
		841DEFEC21C13C6F00AF99BE /* CubeAgentMacOS-Prefix.pch */ = {isa = PBXFileReference; fileEncoding = 4; lastKnownFileType = sourcecode.c.h; path = "CubeAgentMacOS-Prefix.pch"; sourceTree = "<group>"; };
		841DEFEE21C13E5600AF99BE /* BaseLogFileManager.m */ = {isa = PBXFileReference; fileEncoding = 4; lastKnownFileType = sourcecode.c.objc; path = BaseLogFileManager.m; sourceTree = "<group>"; };
		841DEFEF21C13E5600AF99BE /* UITextViewLogger.h */ = {isa = PBXFileReference; fileEncoding = 4; lastKnownFileType = sourcecode.c.h; path = UITextViewLogger.h; sourceTree = "<group>"; };
		841DEFF021C13E5600AF99BE /* BaseLogFileManager.h */ = {isa = PBXFileReference; fileEncoding = 4; lastKnownFileType = sourcecode.c.h; path = BaseLogFileManager.h; sourceTree = "<group>"; };
		841DEFF121C13E5600AF99BE /* UITextViewLogger.m */ = {isa = PBXFileReference; fileEncoding = 4; lastKnownFileType = sourcecode.c.objc; path = UITextViewLogger.m; sourceTree = "<group>"; };
		841E1B4021A80BCB006F5C63 /* CubeAgentMacOS.app */ = {isa = PBXFileReference; explicitFileType = wrapper.application; includeInIndex = 0; path = CubeAgentMacOS.app; sourceTree = BUILT_PRODUCTS_DIR; };
		841E1B4321A80BCB006F5C63 /* AppDelegate.h */ = {isa = PBXFileReference; lastKnownFileType = sourcecode.c.h; path = AppDelegate.h; sourceTree = "<group>"; };
		841E1B4421A80BCB006F5C63 /* AppDelegate.m */ = {isa = PBXFileReference; lastKnownFileType = sourcecode.c.objc; path = AppDelegate.m; sourceTree = "<group>"; };
		841E1B4621A80BCB006F5C63 /* ViewController.h */ = {isa = PBXFileReference; lastKnownFileType = sourcecode.c.h; path = ViewController.h; sourceTree = "<group>"; };
		841E1B4721A80BCB006F5C63 /* ViewController.m */ = {isa = PBXFileReference; lastKnownFileType = sourcecode.c.objc; path = ViewController.m; sourceTree = "<group>"; };
		841E1B4921A80BCE006F5C63 /* Assets.xcassets */ = {isa = PBXFileReference; lastKnownFileType = folder.assetcatalog; path = Assets.xcassets; sourceTree = "<group>"; };
		841E1B4C21A80BCE006F5C63 /* Base */ = {isa = PBXFileReference; lastKnownFileType = file.storyboard; name = Base; path = Base.lproj/Main.storyboard; sourceTree = "<group>"; };
		841E1B4E21A80BCE006F5C63 /* Info.plist */ = {isa = PBXFileReference; lastKnownFileType = text.plist.xml; path = Info.plist; sourceTree = "<group>"; };
		841E1B4F21A80BCE006F5C63 /* main.m */ = {isa = PBXFileReference; lastKnownFileType = sourcecode.c.objc; path = main.m; sourceTree = "<group>"; };
		841E1B5121A80BCE006F5C63 /* CubeAgentMacOS.entitlements */ = {isa = PBXFileReference; lastKnownFileType = text.plist.entitlements; path = CubeAgentMacOS.entitlements; sourceTree = "<group>"; };
		841E1B5621A80BCF006F5C63 /* CubeAgentMacOSTests.xctest */ = {isa = PBXFileReference; explicitFileType = wrapper.cfbundle; includeInIndex = 0; path = CubeAgentMacOSTests.xctest; sourceTree = BUILT_PRODUCTS_DIR; };
		841E1B5A21A80BCF006F5C63 /* CubeAgentMacOSTests.m */ = {isa = PBXFileReference; lastKnownFileType = sourcecode.c.objc; path = CubeAgentMacOSTests.m; sourceTree = "<group>"; };
		841E1B5C21A80BCF006F5C63 /* Info.plist */ = {isa = PBXFileReference; lastKnownFileType = text.plist.xml; path = Info.plist; sourceTree = "<group>"; };
		841E1B6121A80BCF006F5C63 /* CubeAgentMacOSUITests.xctest */ = {isa = PBXFileReference; explicitFileType = wrapper.cfbundle; includeInIndex = 0; path = CubeAgentMacOSUITests.xctest; sourceTree = BUILT_PRODUCTS_DIR; };
		841E1B6521A80BCF006F5C63 /* CubeAgentMacOSUITests.m */ = {isa = PBXFileReference; lastKnownFileType = sourcecode.c.objc; path = CubeAgentMacOSUITests.m; sourceTree = "<group>"; };
		841E1B6721A80BCF006F5C63 /* Info.plist */ = {isa = PBXFileReference; lastKnownFileType = text.plist.xml; path = Info.plist; sourceTree = "<group>"; };
		841E1BAC21A80CA6006F5C63 /* Reachability.m */ = {isa = PBXFileReference; fileEncoding = 4; lastKnownFileType = sourcecode.c.objc; path = Reachability.m; sourceTree = "<group>"; };
		841E1BAD21A80CA6006F5C63 /* Reachability.h */ = {isa = PBXFileReference; fileEncoding = 4; lastKnownFileType = sourcecode.c.h; path = Reachability.h; sourceTree = "<group>"; };
		841E1BB921A80CA6006F5C63 /* Keychain.h */ = {isa = PBXFileReference; fileEncoding = 4; lastKnownFileType = sourcecode.c.h; path = Keychain.h; sourceTree = "<group>"; };
		841E1BBA21A80CA6006F5C63 /* Keychain.m */ = {isa = PBXFileReference; fileEncoding = 4; lastKnownFileType = sourcecode.c.objc; path = Keychain.m; sourceTree = "<group>"; };
		841E1BC521A80CA6006F5C63 /* NSData+AES256.m */ = {isa = PBXFileReference; fileEncoding = 4; lastKnownFileType = sourcecode.c.objc; path = "NSData+AES256.m"; sourceTree = "<group>"; };
		841E1BC621A80CA6006F5C63 /* NSData+AES256.h */ = {isa = PBXFileReference; fileEncoding = 4; lastKnownFileType = sourcecode.c.h; path = "NSData+AES256.h"; sourceTree = "<group>"; };
		841E1BCB21A80CA6006F5C63 /* Constants.h */ = {isa = PBXFileReference; fileEncoding = 4; lastKnownFileType = sourcecode.c.h; path = Constants.h; sourceTree = "<group>"; };
		841E1BCD21A80CA7006F5C63 /* DownloadMetaDataJob.h */ = {isa = PBXFileReference; fileEncoding = 4; lastKnownFileType = sourcecode.c.h; path = DownloadMetaDataJob.h; sourceTree = "<group>"; };
		841E1BCE21A80CA7006F5C63 /* SharedSession.m */ = {isa = PBXFileReference; fileEncoding = 4; lastKnownFileType = sourcecode.c.objc; path = SharedSession.m; sourceTree = "<group>"; };
		841E1BCF21A80CA7006F5C63 /* APIManager.h */ = {isa = PBXFileReference; fileEncoding = 4; lastKnownFileType = sourcecode.c.h; path = APIManager.h; sourceTree = "<group>"; };
		841E1BD021A80CA7006F5C63 /* SharedSession.h */ = {isa = PBXFileReference; fileEncoding = 4; lastKnownFileType = sourcecode.c.h; path = SharedSession.h; sourceTree = "<group>"; };
		841E1BD121A80CA7006F5C63 /* DownloadMetaDataJob.m */ = {isa = PBXFileReference; fileEncoding = 4; lastKnownFileType = sourcecode.c.objc; path = DownloadMetaDataJob.m; sourceTree = "<group>"; };
		841E1BD221A80CA7006F5C63 /* APIManager.m */ = {isa = PBXFileReference; fileEncoding = 4; lastKnownFileType = sourcecode.c.objc; path = APIManager.m; sourceTree = "<group>"; };
		841E1CBF21A82670006F5C63 /* SBJson4Parser.h */ = {isa = PBXFileReference; fileEncoding = 4; lastKnownFileType = sourcecode.c.h; path = SBJson4Parser.h; sourceTree = "<group>"; };
		841E1CC021A82670006F5C63 /* SBJson4StreamParser.m */ = {isa = PBXFileReference; fileEncoding = 4; lastKnownFileType = sourcecode.c.objc; path = SBJson4StreamParser.m; sourceTree = "<group>"; };
		841E1CC121A82670006F5C63 /* SBJson4StreamTokeniser.m */ = {isa = PBXFileReference; fileEncoding = 4; lastKnownFileType = sourcecode.c.objc; path = SBJson4StreamTokeniser.m; sourceTree = "<group>"; };
		841E1CC221A82670006F5C63 /* SBJson4StreamParserState.m */ = {isa = PBXFileReference; fileEncoding = 4; lastKnownFileType = sourcecode.c.objc; path = SBJson4StreamParserState.m; sourceTree = "<group>"; };
		841E1CC321A82670006F5C63 /* SBJson4StreamWriterState.m */ = {isa = PBXFileReference; fileEncoding = 4; lastKnownFileType = sourcecode.c.objc; path = SBJson4StreamWriterState.m; sourceTree = "<group>"; };
		841E1CC421A82670006F5C63 /* SBJson4Writer.m */ = {isa = PBXFileReference; fileEncoding = 4; lastKnownFileType = sourcecode.c.objc; path = SBJson4Writer.m; sourceTree = "<group>"; };
		841E1CC521A82670006F5C63 /* SBJson4StreamWriter.h */ = {isa = PBXFileReference; fileEncoding = 4; lastKnownFileType = sourcecode.c.h; path = SBJson4StreamWriter.h; sourceTree = "<group>"; };
		841E1CC621A82670006F5C63 /* SBJson4.h */ = {isa = PBXFileReference; fileEncoding = 4; lastKnownFileType = sourcecode.c.h; path = SBJson4.h; sourceTree = "<group>"; };
		841E1CC721A82670006F5C63 /* SBJson4StreamParser.h */ = {isa = PBXFileReference; fileEncoding = 4; lastKnownFileType = sourcecode.c.h; path = SBJson4StreamParser.h; sourceTree = "<group>"; };
		841E1CC821A82670006F5C63 /* SBJson4Parser.m */ = {isa = PBXFileReference; fileEncoding = 4; lastKnownFileType = sourcecode.c.objc; path = SBJson4Parser.m; sourceTree = "<group>"; };
		841E1CC921A82670006F5C63 /* SBJson4StreamParserState.h */ = {isa = PBXFileReference; fileEncoding = 4; lastKnownFileType = sourcecode.c.h; path = SBJson4StreamParserState.h; sourceTree = "<group>"; };
		841E1CCA21A82670006F5C63 /* SBJson4StreamTokeniser.h */ = {isa = PBXFileReference; fileEncoding = 4; lastKnownFileType = sourcecode.c.h; path = SBJson4StreamTokeniser.h; sourceTree = "<group>"; };
		841E1CCB21A82670006F5C63 /* SBJson4StreamWriter.m */ = {isa = PBXFileReference; fileEncoding = 4; lastKnownFileType = sourcecode.c.objc; path = SBJson4StreamWriter.m; sourceTree = "<group>"; };
		841E1CCC21A82670006F5C63 /* SBJson4Writer.h */ = {isa = PBXFileReference; fileEncoding = 4; lastKnownFileType = sourcecode.c.h; path = SBJson4Writer.h; sourceTree = "<group>"; };
		841E1CCD21A82670006F5C63 /* SBJson4StreamWriterState.h */ = {isa = PBXFileReference; fileEncoding = 4; lastKnownFileType = sourcecode.c.h; path = SBJson4StreamWriterState.h; sourceTree = "<group>"; };
		841E1CD821A84415006F5C63 /* IOKit.framework */ = {isa = PBXFileReference; lastKnownFileType = wrapper.framework; name = IOKit.framework; path = System/Library/Frameworks/IOKit.framework; sourceTree = SDKROOT; };
		8438169021BD44E800465805 /* AudioFile.h */ = {isa = PBXFileReference; lastKnownFileType = sourcecode.c.h; path = AudioFile.h; sourceTree = "<group>"; };
		8438169121BD44E800465805 /* AudioFile.m */ = {isa = PBXFileReference; lastKnownFileType = sourcecode.c.objc; path = AudioFile.m; sourceTree = "<group>"; };
		844FCEAB21C5111600711F3F /* MBProgressHUD.m */ = {isa = PBXFileReference; fileEncoding = 4; lastKnownFileType = sourcecode.c.objc; path = MBProgressHUD.m; sourceTree = "<group>"; };
		844FCEAC21C5111600711F3F /* MBProgressHUD.h */ = {isa = PBXFileReference; fileEncoding = 4; lastKnownFileType = sourcecode.c.h; path = MBProgressHUD.h; sourceTree = "<group>"; };
		846EB11421B1568D006EA4FF /* AppPreferences.h */ = {isa = PBXFileReference; fileEncoding = 4; lastKnownFileType = sourcecode.c.h; path = AppPreferences.h; sourceTree = "<group>"; };
		846EB11521B1568D006EA4FF /* AppPreferences.m */ = {isa = PBXFileReference; fileEncoding = 4; lastKnownFileType = sourcecode.c.objc; path = AppPreferences.m; sourceTree = "<group>"; };
		846EB11821B15974006EA4FF /* User.h */ = {isa = PBXFileReference; lastKnownFileType = sourcecode.c.h; path = User.h; sourceTree = "<group>"; };
		846EB11921B15974006EA4FF /* User.m */ = {isa = PBXFileReference; lastKnownFileType = sourcecode.c.objc; path = User.m; sourceTree = "<group>"; };
		846EB11B21B16FCA006EA4FF /* CubeConfig.h */ = {isa = PBXFileReference; lastKnownFileType = sourcecode.c.h; path = CubeConfig.h; sourceTree = "<group>"; };
		846EB11C21B16FCA006EA4FF /* CubeConfig.m */ = {isa = PBXFileReference; lastKnownFileType = sourcecode.c.objc; path = CubeConfig.m; sourceTree = "<group>"; };
		84CB516F21B7C98100E868A0 /* ViewTCIdList.h */ = {isa = PBXFileReference; lastKnownFileType = sourcecode.c.h; path = ViewTCIdList.h; sourceTree = "<group>"; };
		84CB517021B7C98100E868A0 /* ViewTCIdList.m */ = {isa = PBXFileReference; lastKnownFileType = sourcecode.c.objc; path = ViewTCIdList.m; sourceTree = "<group>"; };
		84CB517221B7F30A00E868A0 /* VCIdList.h */ = {isa = PBXFileReference; lastKnownFileType = sourcecode.c.h; path = VCIdList.h; sourceTree = "<group>"; };
		84CB517321B7F30A00E868A0 /* VCIdList.m */ = {isa = PBXFileReference; lastKnownFileType = sourcecode.c.objc; path = VCIdList.m; sourceTree = "<group>"; };
		931A61521D389367883BE561 /* Pods-CubeAgentMacOS.debug.xcconfig */ = {isa = PBXFileReference; includeInIndex = 1; lastKnownFileType = text.xcconfig; name = "Pods-CubeAgentMacOS.debug.xcconfig"; path = "Pods/Target Support Files/Pods-CubeAgentMacOS/Pods-CubeAgentMacOS.debug.xcconfig"; sourceTree = "<group>"; };
		C6BE607961B63C261F82915F /* Pods-CubeAgentMacOSTests.debug.xcconfig */ = {isa = PBXFileReference; includeInIndex = 1; lastKnownFileType = text.xcconfig; name = "Pods-CubeAgentMacOSTests.debug.xcconfig"; path = "Pods/Target Support Files/Pods-CubeAgentMacOSTests/Pods-CubeAgentMacOSTests.debug.xcconfig"; sourceTree = "<group>"; };
		EDCD7C5F62E4B1FA10C5C222 /* Pods-CubeAgentMacOS.release.xcconfig */ = {isa = PBXFileReference; includeInIndex = 1; lastKnownFileType = text.xcconfig; name = "Pods-CubeAgentMacOS.release.xcconfig"; path = "Pods/Target Support Files/Pods-CubeAgentMacOS/Pods-CubeAgentMacOS.release.xcconfig"; sourceTree = "<group>"; };
/* End PBXFileReference section */

/* Begin PBXFrameworksBuildPhase section */
		841E1B3D21A80BCB006F5C63 /* Frameworks */ = {
			isa = PBXFrameworksBuildPhase;
			buildActionMask = 2147483647;
			files = (
				841E1CD921A84415006F5C63 /* IOKit.framework in Frameworks */,
				8EC800D192C310E15C0F317C /* libPods-CubeAgentMacOS.a in Frameworks */,
			);
			runOnlyForDeploymentPostprocessing = 0;
		};
		841E1B5321A80BCF006F5C63 /* Frameworks */ = {
			isa = PBXFrameworksBuildPhase;
			buildActionMask = 2147483647;
			files = (
				AC7D0A3F3A62599510C2570A /* libPods-CubeAgentMacOSTests.a in Frameworks */,
			);
			runOnlyForDeploymentPostprocessing = 0;
		};
		841E1B5E21A80BCF006F5C63 /* Frameworks */ = {
			isa = PBXFrameworksBuildPhase;
			buildActionMask = 2147483647;
			files = (
				0744FA10F0217153FA78CCFC /* libPods-CubeAgentMacOSUITests.a in Frameworks */,
			);
			runOnlyForDeploymentPostprocessing = 0;
		};
/* End PBXFrameworksBuildPhase section */

/* Begin PBXGroup section */
		7E18C9067D9D5C8B59157A49 /* Pods */ = {
			isa = PBXGroup;
			children = (
				931A61521D389367883BE561 /* Pods-CubeAgentMacOS.debug.xcconfig */,
				EDCD7C5F62E4B1FA10C5C222 /* Pods-CubeAgentMacOS.release.xcconfig */,
				C6BE607961B63C261F82915F /* Pods-CubeAgentMacOSTests.debug.xcconfig */,
				7DDAD96E9F360FCA5E3FA86C /* Pods-CubeAgentMacOSTests.release.xcconfig */,
				58966E2468DA07209F27720A /* Pods-CubeAgentMacOSUITests.debug.xcconfig */,
				0C2420EF1B5864FD0C5433F5 /* Pods-CubeAgentMacOSUITests.release.xcconfig */,
			);
			name = Pods;
			sourceTree = "<group>";
		};
		841DEFED21C13E5600AF99BE /* LoggerSupport */ = {
			isa = PBXGroup;
			children = (
				841DEFEE21C13E5600AF99BE /* BaseLogFileManager.m */,
				841DEFEF21C13E5600AF99BE /* UITextViewLogger.h */,
				841DEFF021C13E5600AF99BE /* BaseLogFileManager.h */,
				841DEFF121C13E5600AF99BE /* UITextViewLogger.m */,
			);
			path = LoggerSupport;
			sourceTree = "<group>";
		};
		841E1B3721A80BCB006F5C63 = {
			isa = PBXGroup;
			children = (
				841E1B4221A80BCB006F5C63 /* CubeAgentMacOS */,
				841E1B5921A80BCF006F5C63 /* CubeAgentMacOSTests */,
				841E1B6421A80BCF006F5C63 /* CubeAgentMacOSUITests */,
				841E1B4121A80BCB006F5C63 /* Products */,
				841E1CD721A84414006F5C63 /* Frameworks */,
				7E18C9067D9D5C8B59157A49 /* Pods */,
			);
			sourceTree = "<group>";
		};
		841E1B4121A80BCB006F5C63 /* Products */ = {
			isa = PBXGroup;
			children = (
				841E1B4021A80BCB006F5C63 /* CubeAgentMacOS.app */,
				841E1B5621A80BCF006F5C63 /* CubeAgentMacOSTests.xctest */,
				841E1B6121A80BCF006F5C63 /* CubeAgentMacOSUITests.xctest */,
			);
			name = Products;
			sourceTree = "<group>";
		};
		841E1B4221A80BCB006F5C63 /* CubeAgentMacOS */ = {
			isa = PBXGroup;
			children = (
				841DEFEC21C13C6F00AF99BE /* CubeAgentMacOS-Prefix.pch */,
				841E1B4321A80BCB006F5C63 /* AppDelegate.h */,
				841E1B4421A80BCB006F5C63 /* AppDelegate.m */,
				846EB11721B158FB006EA4FF /* Models */,
				841E1CD621A82A1E006F5C63 /* ViewControllers */,
				841E1BCC21A80CA7006F5C63 /* APIManager */,
				841E1BC421A80CA6006F5C63 /* Categories */,
				841E1BCA21A80CA6006F5C63 /* Constant */,
				841E1B7321A80CA6006F5C63 /* Libraries */,
				841E1B4921A80BCE006F5C63 /* Assets.xcassets */,
				841E1B4B21A80BCE006F5C63 /* Main.storyboard */,
				841E1B4E21A80BCE006F5C63 /* Info.plist */,
				841E1B4F21A80BCE006F5C63 /* main.m */,
				841E1B5121A80BCE006F5C63 /* CubeAgentMacOS.entitlements */,
			);
			path = CubeAgentMacOS;
			sourceTree = "<group>";
		};
		841E1B5921A80BCF006F5C63 /* CubeAgentMacOSTests */ = {
			isa = PBXGroup;
			children = (
				841E1B5A21A80BCF006F5C63 /* CubeAgentMacOSTests.m */,
				841E1B5C21A80BCF006F5C63 /* Info.plist */,
			);
			path = CubeAgentMacOSTests;
			sourceTree = "<group>";
		};
		841E1B6421A80BCF006F5C63 /* CubeAgentMacOSUITests */ = {
			isa = PBXGroup;
			children = (
				841E1B6521A80BCF006F5C63 /* CubeAgentMacOSUITests.m */,
				841E1B6721A80BCF006F5C63 /* Info.plist */,
			);
			path = CubeAgentMacOSUITests;
			sourceTree = "<group>";
		};
		841E1B7321A80CA6006F5C63 /* Libraries */ = {
			isa = PBXGroup;
			children = (
				844FCEAA21C5111600711F3F /* MBProgressHUD */,
				841DEFED21C13E5600AF99BE /* LoggerSupport */,
				841E1CBE21A82670006F5C63 /* SBJSONNew */,
				841E1BAB21A80CA6006F5C63 /* Rechability */,
				841E1BB821A80CA6006F5C63 /* KeyChain */,
			);
			path = Libraries;
			sourceTree = "<group>";
		};
		841E1BAB21A80CA6006F5C63 /* Rechability */ = {
			isa = PBXGroup;
			children = (
				841E1BAC21A80CA6006F5C63 /* Reachability.m */,
				841E1BAD21A80CA6006F5C63 /* Reachability.h */,
			);
			path = Rechability;
			sourceTree = "<group>";
		};
		841E1BB821A80CA6006F5C63 /* KeyChain */ = {
			isa = PBXGroup;
			children = (
				841E1BB921A80CA6006F5C63 /* Keychain.h */,
				841E1BBA21A80CA6006F5C63 /* Keychain.m */,
			);
			path = KeyChain;
			sourceTree = "<group>";
		};
		841E1BC421A80CA6006F5C63 /* Categories */ = {
			isa = PBXGroup;
			children = (
				841E1BC521A80CA6006F5C63 /* NSData+AES256.m */,
				841E1BC621A80CA6006F5C63 /* NSData+AES256.h */,
			);
			path = Categories;
			sourceTree = "<group>";
		};
		841E1BCA21A80CA6006F5C63 /* Constant */ = {
			isa = PBXGroup;
			children = (
				841E1BCB21A80CA6006F5C63 /* Constants.h */,
			);
			path = Constant;
			sourceTree = "<group>";
		};
		841E1BCC21A80CA7006F5C63 /* APIManager */ = {
			isa = PBXGroup;
			children = (
				846EB11421B1568D006EA4FF /* AppPreferences.h */,
				846EB11521B1568D006EA4FF /* AppPreferences.m */,
				841E1BCD21A80CA7006F5C63 /* DownloadMetaDataJob.h */,
				841E1BD121A80CA7006F5C63 /* DownloadMetaDataJob.m */,
				841E1BCF21A80CA7006F5C63 /* APIManager.h */,
				841E1BD221A80CA7006F5C63 /* APIManager.m */,
				841E1BD021A80CA7006F5C63 /* SharedSession.h */,
				841E1BCE21A80CA7006F5C63 /* SharedSession.m */,
			);
			path = APIManager;
			sourceTree = "<group>";
		};
		841E1CBE21A82670006F5C63 /* SBJSONNew */ = {
			isa = PBXGroup;
			children = (
				841E1CBF21A82670006F5C63 /* SBJson4Parser.h */,
				841E1CC021A82670006F5C63 /* SBJson4StreamParser.m */,
				841E1CC121A82670006F5C63 /* SBJson4StreamTokeniser.m */,
				841E1CC221A82670006F5C63 /* SBJson4StreamParserState.m */,
				841E1CC321A82670006F5C63 /* SBJson4StreamWriterState.m */,
				841E1CC421A82670006F5C63 /* SBJson4Writer.m */,
				841E1CC521A82670006F5C63 /* SBJson4StreamWriter.h */,
				841E1CC621A82670006F5C63 /* SBJson4.h */,
				841E1CC721A82670006F5C63 /* SBJson4StreamParser.h */,
				841E1CC821A82670006F5C63 /* SBJson4Parser.m */,
				841E1CC921A82670006F5C63 /* SBJson4StreamParserState.h */,
				841E1CCA21A82670006F5C63 /* SBJson4StreamTokeniser.h */,
				841E1CCB21A82670006F5C63 /* SBJson4StreamWriter.m */,
				841E1CCC21A82670006F5C63 /* SBJson4Writer.h */,
				841E1CCD21A82670006F5C63 /* SBJson4StreamWriterState.h */,
			);
			path = SBJSONNew;
			sourceTree = "<group>";
		};
		841E1CD621A82A1E006F5C63 /* ViewControllers */ = {
			isa = PBXGroup;
			children = (
				841E1B4621A80BCB006F5C63 /* ViewController.h */,
				841E1B4721A80BCB006F5C63 /* ViewController.m */,
				50E3B6DB21AFF5F8002F904A /* HomeViewController.h */,
				50E3B6DC21AFF5F8002F904A /* HomeViewController.m */,
			);
			path = ViewControllers;
			sourceTree = "<group>";
		};
		841E1CD721A84414006F5C63 /* Frameworks */ = {
			isa = PBXGroup;
			children = (
				841E1CD821A84415006F5C63 /* IOKit.framework */,
				5FBE6D1D50AB902C84FDBE0C /* libPods-CubeAgentMacOS.a */,
				5A9CF563AD685F08279D34FE /* libPods-CubeAgentMacOSTests.a */,
				50E9D5CA9ED6CECC454AAAB6 /* libPods-CubeAgentMacOSUITests.a */,
			);
			name = Frameworks;
			sourceTree = "<group>";
		};
		844FCEAA21C5111600711F3F /* MBProgressHUD */ = {
			isa = PBXGroup;
			children = (
				844FCEAB21C5111600711F3F /* MBProgressHUD.m */,
				844FCEAC21C5111600711F3F /* MBProgressHUD.h */,
			);
			path = MBProgressHUD;
			sourceTree = "<group>";
		};
		846EB11721B158FB006EA4FF /* Models */ = {
			isa = PBXGroup;
			children = (
				846EB11821B15974006EA4FF /* User.h */,
				846EB11921B15974006EA4FF /* User.m */,
				846EB11B21B16FCA006EA4FF /* CubeConfig.h */,
				846EB11C21B16FCA006EA4FF /* CubeConfig.m */,
				84CB516F21B7C98100E868A0 /* ViewTCIdList.h */,
				84CB517021B7C98100E868A0 /* ViewTCIdList.m */,
				84CB517221B7F30A00E868A0 /* VCIdList.h */,
				84CB517321B7F30A00E868A0 /* VCIdList.m */,
				8438169021BD44E800465805 /* AudioFile.h */,
				8438169121BD44E800465805 /* AudioFile.m */,
			);
			path = Models;
			sourceTree = "<group>";
		};
/* End PBXGroup section */

/* Begin PBXNativeTarget section */
		841E1B3F21A80BCB006F5C63 /* CubeAgentMacOS */ = {
			isa = PBXNativeTarget;
			buildConfigurationList = 841E1B6A21A80BCF006F5C63 /* Build configuration list for PBXNativeTarget "CubeAgentMacOS" */;
			buildPhases = (
				8F6B32A56B7867F7BBE77CD0 /* [CP] Check Pods Manifest.lock */,
				841E1B3C21A80BCB006F5C63 /* Sources */,
				841E1B3D21A80BCB006F5C63 /* Frameworks */,
				841E1B3E21A80BCB006F5C63 /* Resources */,
			);
			buildRules = (
			);
			dependencies = (
			);
			name = CubeAgentMacOS;
			productName = CubeAgentMacOS;
			productReference = 841E1B4021A80BCB006F5C63 /* CubeAgentMacOS.app */;
			productType = "com.apple.product-type.application";
		};
		841E1B5521A80BCF006F5C63 /* CubeAgentMacOSTests */ = {
			isa = PBXNativeTarget;
			buildConfigurationList = 841E1B6D21A80BCF006F5C63 /* Build configuration list for PBXNativeTarget "CubeAgentMacOSTests" */;
			buildPhases = (
				F43CF4C34C01CE09BBABA609 /* [CP] Check Pods Manifest.lock */,
				841E1B5221A80BCF006F5C63 /* Sources */,
				841E1B5321A80BCF006F5C63 /* Frameworks */,
				841E1B5421A80BCF006F5C63 /* Resources */,
			);
			buildRules = (
			);
			dependencies = (
				841E1B5821A80BCF006F5C63 /* PBXTargetDependency */,
			);
			name = CubeAgentMacOSTests;
			productName = CubeAgentMacOSTests;
			productReference = 841E1B5621A80BCF006F5C63 /* CubeAgentMacOSTests.xctest */;
			productType = "com.apple.product-type.bundle.unit-test";
		};
		841E1B6021A80BCF006F5C63 /* CubeAgentMacOSUITests */ = {
			isa = PBXNativeTarget;
			buildConfigurationList = 841E1B7021A80BCF006F5C63 /* Build configuration list for PBXNativeTarget "CubeAgentMacOSUITests" */;
			buildPhases = (
				F42A4712F32A2E087E8883BF /* [CP] Check Pods Manifest.lock */,
				841E1B5D21A80BCF006F5C63 /* Sources */,
				841E1B5E21A80BCF006F5C63 /* Frameworks */,
				841E1B5F21A80BCF006F5C63 /* Resources */,
			);
			buildRules = (
			);
			dependencies = (
				841E1B6321A80BCF006F5C63 /* PBXTargetDependency */,
			);
			name = CubeAgentMacOSUITests;
			productName = CubeAgentMacOSUITests;
			productReference = 841E1B6121A80BCF006F5C63 /* CubeAgentMacOSUITests.xctest */;
			productType = "com.apple.product-type.bundle.ui-testing";
		};
/* End PBXNativeTarget section */

/* Begin PBXProject section */
		841E1B3821A80BCB006F5C63 /* Project object */ = {
			isa = PBXProject;
			attributes = {
				LastUpgradeCheck = 1010;
				ORGANIZATIONNAME = Xanadutec;
				TargetAttributes = {
					841E1B3F21A80BCB006F5C63 = {
						CreatedOnToolsVersion = 10.1;
						SystemCapabilities = {
							com.apple.Sandbox = {
								enabled = 1;
							};
						};
					};
					841E1B5521A80BCF006F5C63 = {
						CreatedOnToolsVersion = 10.1;
						TestTargetID = 841E1B3F21A80BCB006F5C63;
					};
					841E1B6021A80BCF006F5C63 = {
						CreatedOnToolsVersion = 10.1;
						TestTargetID = 841E1B3F21A80BCB006F5C63;
					};
				};
			};
			buildConfigurationList = 841E1B3B21A80BCB006F5C63 /* Build configuration list for PBXProject "CubeAgentMacOS" */;
			compatibilityVersion = "Xcode 9.3";
			developmentRegion = en;
			hasScannedForEncodings = 0;
			knownRegions = (
				en,
				Base,
			);
			mainGroup = 841E1B3721A80BCB006F5C63;
			productRefGroup = 841E1B4121A80BCB006F5C63 /* Products */;
			projectDirPath = "";
			projectRoot = "";
			targets = (
				841E1B3F21A80BCB006F5C63 /* CubeAgentMacOS */,
				841E1B5521A80BCF006F5C63 /* CubeAgentMacOSTests */,
				841E1B6021A80BCF006F5C63 /* CubeAgentMacOSUITests */,
			);
		};
/* End PBXProject section */

/* Begin PBXResourcesBuildPhase section */
		841E1B3E21A80BCB006F5C63 /* Resources */ = {
			isa = PBXResourcesBuildPhase;
			buildActionMask = 2147483647;
			files = (
				841E1B4A21A80BCE006F5C63 /* Assets.xcassets in Resources */,
				841E1B4D21A80BCE006F5C63 /* Main.storyboard in Resources */,
			);
			runOnlyForDeploymentPostprocessing = 0;
		};
		841E1B5421A80BCF006F5C63 /* Resources */ = {
			isa = PBXResourcesBuildPhase;
			buildActionMask = 2147483647;
			files = (
			);
			runOnlyForDeploymentPostprocessing = 0;
		};
		841E1B5F21A80BCF006F5C63 /* Resources */ = {
			isa = PBXResourcesBuildPhase;
			buildActionMask = 2147483647;
			files = (
			);
			runOnlyForDeploymentPostprocessing = 0;
		};
/* End PBXResourcesBuildPhase section */

/* Begin PBXShellScriptBuildPhase section */
		8F6B32A56B7867F7BBE77CD0 /* [CP] Check Pods Manifest.lock */ = {
			isa = PBXShellScriptBuildPhase;
			buildActionMask = 2147483647;
			files = (
			);
			inputFileListPaths = (
			);
			inputPaths = (
				"${PODS_PODFILE_DIR_PATH}/Podfile.lock",
				"${PODS_ROOT}/Manifest.lock",
			);
			name = "[CP] Check Pods Manifest.lock";
			outputFileListPaths = (
			);
			outputPaths = (
				"$(DERIVED_FILE_DIR)/Pods-CubeAgentMacOS-checkManifestLockResult.txt",
			);
			runOnlyForDeploymentPostprocessing = 0;
			shellPath = /bin/sh;
			shellScript = "diff \"${PODS_PODFILE_DIR_PATH}/Podfile.lock\" \"${PODS_ROOT}/Manifest.lock\" > /dev/null\nif [ $? != 0 ] ; then\n    # print error to STDERR\n    echo \"error: The sandbox is not in sync with the Podfile.lock. Run 'pod install' or update your CocoaPods installation.\" >&2\n    exit 1\nfi\n# This output is used by Xcode 'outputs' to avoid re-running this script phase.\necho \"SUCCESS\" > \"${SCRIPT_OUTPUT_FILE_0}\"\n";
			showEnvVarsInLog = 0;
		};
		F42A4712F32A2E087E8883BF /* [CP] Check Pods Manifest.lock */ = {
			isa = PBXShellScriptBuildPhase;
			buildActionMask = 2147483647;
			files = (
			);
			inputFileListPaths = (
			);
			inputPaths = (
				"${PODS_PODFILE_DIR_PATH}/Podfile.lock",
				"${PODS_ROOT}/Manifest.lock",
			);
			name = "[CP] Check Pods Manifest.lock";
			outputFileListPaths = (
			);
			outputPaths = (
				"$(DERIVED_FILE_DIR)/Pods-CubeAgentMacOSUITests-checkManifestLockResult.txt",
			);
			runOnlyForDeploymentPostprocessing = 0;
			shellPath = /bin/sh;
			shellScript = "diff \"${PODS_PODFILE_DIR_PATH}/Podfile.lock\" \"${PODS_ROOT}/Manifest.lock\" > /dev/null\nif [ $? != 0 ] ; then\n    # print error to STDERR\n    echo \"error: The sandbox is not in sync with the Podfile.lock. Run 'pod install' or update your CocoaPods installation.\" >&2\n    exit 1\nfi\n# This output is used by Xcode 'outputs' to avoid re-running this script phase.\necho \"SUCCESS\" > \"${SCRIPT_OUTPUT_FILE_0}\"\n";
			showEnvVarsInLog = 0;
		};
		F43CF4C34C01CE09BBABA609 /* [CP] Check Pods Manifest.lock */ = {
			isa = PBXShellScriptBuildPhase;
			buildActionMask = 2147483647;
			files = (
			);
			inputFileListPaths = (
			);
			inputPaths = (
				"${PODS_PODFILE_DIR_PATH}/Podfile.lock",
				"${PODS_ROOT}/Manifest.lock",
			);
			name = "[CP] Check Pods Manifest.lock";
			outputFileListPaths = (
			);
			outputPaths = (
				"$(DERIVED_FILE_DIR)/Pods-CubeAgentMacOSTests-checkManifestLockResult.txt",
			);
			runOnlyForDeploymentPostprocessing = 0;
			shellPath = /bin/sh;
			shellScript = "diff \"${PODS_PODFILE_DIR_PATH}/Podfile.lock\" \"${PODS_ROOT}/Manifest.lock\" > /dev/null\nif [ $? != 0 ] ; then\n    # print error to STDERR\n    echo \"error: The sandbox is not in sync with the Podfile.lock. Run 'pod install' or update your CocoaPods installation.\" >&2\n    exit 1\nfi\n# This output is used by Xcode 'outputs' to avoid re-running this script phase.\necho \"SUCCESS\" > \"${SCRIPT_OUTPUT_FILE_0}\"\n";
			showEnvVarsInLog = 0;
		};
/* End PBXShellScriptBuildPhase section */

/* Begin PBXSourcesBuildPhase section */
		841E1B3C21A80BCB006F5C63 /* Sources */ = {
			isa = PBXSourcesBuildPhase;
			buildActionMask = 2147483647;
			files = (
				8438169221BD44E800465805 /* AudioFile.m in Sources */,
				841DEFF321C13E5600AF99BE /* UITextViewLogger.m in Sources */,
				846EB11A21B15974006EA4FF /* User.m in Sources */,
				841E1CD521A82691006F5C63 /* SBJson4.h in Sources */,
				841E1CCE21A82670006F5C63 /* SBJson4StreamParser.m in Sources */,
				841E1B4821A80BCB006F5C63 /* ViewController.m in Sources */,
				841E1CD421A82670006F5C63 /* SBJson4StreamWriter.m in Sources */,
				841E1CCF21A82670006F5C63 /* SBJson4StreamTokeniser.m in Sources */,
				84CB517121B7C98100E868A0 /* ViewTCIdList.m in Sources */,
				50E3B6DD21AFF5F8002F904A /* HomeViewController.m in Sources */,
				841E1BF421A80CA7006F5C63 /* Keychain.m in Sources */,
				841E1CD221A82670006F5C63 /* SBJson4Writer.m in Sources */,
				841E1BF621A80CA7006F5C63 /* NSData+AES256.m in Sources */,
				844FCEAD21C5111600711F3F /* MBProgressHUD.m in Sources */,
				841E1BF921A80CA7006F5C63 /* DownloadMetaDataJob.m in Sources */,
				841E1B5021A80BCE006F5C63 /* main.m in Sources */,
				841E1BF021A80CA7006F5C63 /* Reachability.m in Sources */,
				846EB11621B1568D006EA4FF /* AppPreferences.m in Sources */,
				841E1CD021A82670006F5C63 /* SBJson4StreamParserState.m in Sources */,
				846EB11D21B16FCA006EA4FF /* CubeConfig.m in Sources */,
				841E1CD321A82670006F5C63 /* SBJson4Parser.m in Sources */,
				841E1B4521A80BCB006F5C63 /* AppDelegate.m in Sources */,
				84CB517421B7F30A00E868A0 /* VCIdList.m in Sources */,
				841E1CD121A82670006F5C63 /* SBJson4StreamWriterState.m in Sources */,
				841E1BF821A80CA7006F5C63 /* SharedSession.m in Sources */,
				841E1BFA21A80CA7006F5C63 /* APIManager.m in Sources */,
				841DEFF221C13E5600AF99BE /* BaseLogFileManager.m in Sources */,
			);
			runOnlyForDeploymentPostprocessing = 0;
		};
		841E1B5221A80BCF006F5C63 /* Sources */ = {
			isa = PBXSourcesBuildPhase;
			buildActionMask = 2147483647;
			files = (
				841E1B5B21A80BCF006F5C63 /* CubeAgentMacOSTests.m in Sources */,
			);
			runOnlyForDeploymentPostprocessing = 0;
		};
		841E1B5D21A80BCF006F5C63 /* Sources */ = {
			isa = PBXSourcesBuildPhase;
			buildActionMask = 2147483647;
			files = (
				841E1B6621A80BCF006F5C63 /* CubeAgentMacOSUITests.m in Sources */,
			);
			runOnlyForDeploymentPostprocessing = 0;
		};
/* End PBXSourcesBuildPhase section */

/* Begin PBXTargetDependency section */
		841E1B5821A80BCF006F5C63 /* PBXTargetDependency */ = {
			isa = PBXTargetDependency;
			target = 841E1B3F21A80BCB006F5C63 /* CubeAgentMacOS */;
			targetProxy = 841E1B5721A80BCF006F5C63 /* PBXContainerItemProxy */;
		};
		841E1B6321A80BCF006F5C63 /* PBXTargetDependency */ = {
			isa = PBXTargetDependency;
			target = 841E1B3F21A80BCB006F5C63 /* CubeAgentMacOS */;
			targetProxy = 841E1B6221A80BCF006F5C63 /* PBXContainerItemProxy */;
		};
/* End PBXTargetDependency section */

/* Begin PBXVariantGroup section */
		841E1B4B21A80BCE006F5C63 /* Main.storyboard */ = {
			isa = PBXVariantGroup;
			children = (
				841E1B4C21A80BCE006F5C63 /* Base */,
			);
			name = Main.storyboard;
			sourceTree = "<group>";
		};
/* End PBXVariantGroup section */

/* Begin XCBuildConfiguration section */
		841E1B6821A80BCF006F5C63 /* Debug */ = {
			isa = XCBuildConfiguration;
			buildSettings = {
				ALWAYS_SEARCH_USER_PATHS = NO;
				CLANG_ANALYZER_NONNULL = YES;
				CLANG_ANALYZER_NUMBER_OBJECT_CONVERSION = YES_AGGRESSIVE;
				CLANG_CXX_LANGUAGE_STANDARD = "gnu++14";
				CLANG_CXX_LIBRARY = "libc++";
				CLANG_ENABLE_MODULES = YES;
				CLANG_ENABLE_OBJC_ARC = YES;
				CLANG_ENABLE_OBJC_WEAK = YES;
				CLANG_WARN_BLOCK_CAPTURE_AUTORELEASING = YES;
				CLANG_WARN_BOOL_CONVERSION = YES;
				CLANG_WARN_COMMA = YES;
				CLANG_WARN_CONSTANT_CONVERSION = YES;
				CLANG_WARN_DEPRECATED_OBJC_IMPLEMENTATIONS = YES;
				CLANG_WARN_DIRECT_OBJC_ISA_USAGE = YES_ERROR;
				CLANG_WARN_DOCUMENTATION_COMMENTS = YES;
				CLANG_WARN_EMPTY_BODY = YES;
				CLANG_WARN_ENUM_CONVERSION = YES;
				CLANG_WARN_INFINITE_RECURSION = YES;
				CLANG_WARN_INT_CONVERSION = YES;
				CLANG_WARN_NON_LITERAL_NULL_CONVERSION = YES;
				CLANG_WARN_OBJC_IMPLICIT_RETAIN_SELF = YES;
				CLANG_WARN_OBJC_LITERAL_CONVERSION = YES;
				CLANG_WARN_OBJC_ROOT_CLASS = YES_ERROR;
				CLANG_WARN_RANGE_LOOP_ANALYSIS = YES;
				CLANG_WARN_STRICT_PROTOTYPES = YES;
				CLANG_WARN_SUSPICIOUS_MOVE = YES;
				CLANG_WARN_UNGUARDED_AVAILABILITY = YES_AGGRESSIVE;
				CLANG_WARN_UNREACHABLE_CODE = YES;
				CLANG_WARN__DUPLICATE_METHOD_MATCH = YES;
				CODE_SIGN_IDENTITY = "Mac Developer";
				COPY_PHASE_STRIP = NO;
				DEBUG_INFORMATION_FORMAT = dwarf;
				ENABLE_STRICT_OBJC_MSGSEND = YES;
				ENABLE_TESTABILITY = YES;
				GCC_C_LANGUAGE_STANDARD = gnu11;
				GCC_DYNAMIC_NO_PIC = NO;
				GCC_NO_COMMON_BLOCKS = YES;
				GCC_OPTIMIZATION_LEVEL = 0;
				GCC_PREPROCESSOR_DEFINITIONS = (
					"DEBUG=1",
					"$(inherited)",
				);
				GCC_WARN_64_TO_32_BIT_CONVERSION = YES;
				GCC_WARN_ABOUT_RETURN_TYPE = YES_ERROR;
				GCC_WARN_UNDECLARED_SELECTOR = YES;
				GCC_WARN_UNINITIALIZED_AUTOS = YES_AGGRESSIVE;
				GCC_WARN_UNUSED_FUNCTION = YES;
				GCC_WARN_UNUSED_VARIABLE = YES;
				MACOSX_DEPLOYMENT_TARGET = 10.14;
				MTL_ENABLE_DEBUG_INFO = INCLUDE_SOURCE;
				MTL_FAST_MATH = YES;
				ONLY_ACTIVE_ARCH = YES;
				SDKROOT = macosx;
			};
			name = Debug;
		};
		841E1B6921A80BCF006F5C63 /* Release */ = {
			isa = XCBuildConfiguration;
			buildSettings = {
				ALWAYS_SEARCH_USER_PATHS = NO;
				CLANG_ANALYZER_NONNULL = YES;
				CLANG_ANALYZER_NUMBER_OBJECT_CONVERSION = YES_AGGRESSIVE;
				CLANG_CXX_LANGUAGE_STANDARD = "gnu++14";
				CLANG_CXX_LIBRARY = "libc++";
				CLANG_ENABLE_MODULES = YES;
				CLANG_ENABLE_OBJC_ARC = YES;
				CLANG_ENABLE_OBJC_WEAK = YES;
				CLANG_WARN_BLOCK_CAPTURE_AUTORELEASING = YES;
				CLANG_WARN_BOOL_CONVERSION = YES;
				CLANG_WARN_COMMA = YES;
				CLANG_WARN_CONSTANT_CONVERSION = YES;
				CLANG_WARN_DEPRECATED_OBJC_IMPLEMENTATIONS = YES;
				CLANG_WARN_DIRECT_OBJC_ISA_USAGE = YES_ERROR;
				CLANG_WARN_DOCUMENTATION_COMMENTS = YES;
				CLANG_WARN_EMPTY_BODY = YES;
				CLANG_WARN_ENUM_CONVERSION = YES;
				CLANG_WARN_INFINITE_RECURSION = YES;
				CLANG_WARN_INT_CONVERSION = YES;
				CLANG_WARN_NON_LITERAL_NULL_CONVERSION = YES;
				CLANG_WARN_OBJC_IMPLICIT_RETAIN_SELF = YES;
				CLANG_WARN_OBJC_LITERAL_CONVERSION = YES;
				CLANG_WARN_OBJC_ROOT_CLASS = YES_ERROR;
				CLANG_WARN_RANGE_LOOP_ANALYSIS = YES;
				CLANG_WARN_STRICT_PROTOTYPES = YES;
				CLANG_WARN_SUSPICIOUS_MOVE = YES;
				CLANG_WARN_UNGUARDED_AVAILABILITY = YES_AGGRESSIVE;
				CLANG_WARN_UNREACHABLE_CODE = YES;
				CLANG_WARN__DUPLICATE_METHOD_MATCH = YES;
				CODE_SIGN_IDENTITY = "Mac Developer";
				COPY_PHASE_STRIP = NO;
				DEBUG_INFORMATION_FORMAT = "dwarf-with-dsym";
				ENABLE_NS_ASSERTIONS = NO;
				ENABLE_STRICT_OBJC_MSGSEND = YES;
				GCC_C_LANGUAGE_STANDARD = gnu11;
				GCC_NO_COMMON_BLOCKS = YES;
				GCC_WARN_64_TO_32_BIT_CONVERSION = YES;
				GCC_WARN_ABOUT_RETURN_TYPE = YES_ERROR;
				GCC_WARN_UNDECLARED_SELECTOR = YES;
				GCC_WARN_UNINITIALIZED_AUTOS = YES_AGGRESSIVE;
				GCC_WARN_UNUSED_FUNCTION = YES;
				GCC_WARN_UNUSED_VARIABLE = YES;
				MACOSX_DEPLOYMENT_TARGET = 10.14;
				MTL_ENABLE_DEBUG_INFO = NO;
				MTL_FAST_MATH = YES;
				SDKROOT = macosx;
			};
			name = Release;
		};
		841E1B6B21A80BCF006F5C63 /* Debug */ = {
			isa = XCBuildConfiguration;
			baseConfigurationReference = 931A61521D389367883BE561 /* Pods-CubeAgentMacOS.debug.xcconfig */;
			buildSettings = {
				ASSETCATALOG_COMPILER_APPICON_NAME = AppIcon;
				CODE_SIGN_ENTITLEMENTS = CubeAgentMacOS/CubeAgentMacOS.entitlements;
				CODE_SIGN_IDENTITY = "Mac Developer";
				CODE_SIGN_STYLE = Manual;
				COMBINE_HIDPI_IMAGES = YES;
				DEVELOPMENT_TEAM = Y56BAH343T;
				GCC_PRECOMPILE_PREFIX_HEADER = YES;
				GCC_PREFIX_HEADER = "$(SRCROOT)/CubeAgentMacOS/CubeAgentMacOS-Prefix.pch";
				INFOPLIST_FILE = CubeAgentMacOS/Info.plist;
				LD_RUNPATH_SEARCH_PATHS = (
					"$(inherited)",
					"@executable_path/../Frameworks",
				);
				MACOSX_DEPLOYMENT_TARGET = 10.10;
				PRODUCT_BUNDLE_IDENTIFIER = com.xanadutec.CubeAgentMacOS;
				PRODUCT_NAME = "$(TARGET_NAME)";
				PROVISIONING_PROFILE_SPECIFIER = CubeAgentDevelopment;
			};
			name = Debug;
		};
		841E1B6C21A80BCF006F5C63 /* Release */ = {
			isa = XCBuildConfiguration;
			baseConfigurationReference = EDCD7C5F62E4B1FA10C5C222 /* Pods-CubeAgentMacOS.release.xcconfig */;
			buildSettings = {
				ASSETCATALOG_COMPILER_APPICON_NAME = AppIcon;
				CODE_SIGN_ENTITLEMENTS = CubeAgentMacOS/CubeAgentMacOS.entitlements;
				CODE_SIGN_IDENTITY = "3rd Party Mac Developer Application";
				CODE_SIGN_STYLE = Manual;
				COMBINE_HIDPI_IMAGES = YES;
				DEVELOPMENT_TEAM = Y56BAH343T;
				GCC_PRECOMPILE_PREFIX_HEADER = YES;
				GCC_PREFIX_HEADER = "$(SRCROOT)/CubeAgentMacOS/CubeAgentMacOS-Prefix.pch";
				INFOPLIST_FILE = CubeAgentMacOS/Info.plist;
				LD_RUNPATH_SEARCH_PATHS = (
					"$(inherited)",
					"@executable_path/../Frameworks",
				);
				MACOSX_DEPLOYMENT_TARGET = 10.10;
				PRODUCT_BUNDLE_IDENTIFIER = com.xanadutec.CubeAgentMacOS;
				PRODUCT_NAME = "$(TARGET_NAME)";
				PROVISIONING_PROFILE_SPECIFIER = CubeAgentDistribution;
			};
			name = Release;
		};
		841E1B6E21A80BCF006F5C63 /* Debug */ = {
			isa = XCBuildConfiguration;
			baseConfigurationReference = C6BE607961B63C261F82915F /* Pods-CubeAgentMacOSTests.debug.xcconfig */;
			buildSettings = {
				BUNDLE_LOADER = "$(TEST_HOST)";
				CODE_SIGN_STYLE = Automatic;
				COMBINE_HIDPI_IMAGES = YES;
				DEVELOPMENT_TEAM = Y56BAH343T;
				INFOPLIST_FILE = CubeAgentMacOSTests/Info.plist;
				LD_RUNPATH_SEARCH_PATHS = (
					"$(inherited)",
					"@executable_path/../Frameworks",
					"@loader_path/../Frameworks",
				);
				PRODUCT_BUNDLE_IDENTIFIER = com.xanadutec.CubeAgentMacOSTests;
				PRODUCT_NAME = "$(TARGET_NAME)";
				TEST_HOST = "$(BUILT_PRODUCTS_DIR)/CubeAgentMacOS.app/Contents/MacOS/CubeAgentMacOS";
			};
			name = Debug;
		};
		841E1B6F21A80BCF006F5C63 /* Release */ = {
			isa = XCBuildConfiguration;
			baseConfigurationReference = 7DDAD96E9F360FCA5E3FA86C /* Pods-CubeAgentMacOSTests.release.xcconfig */;
			buildSettings = {
				BUNDLE_LOADER = "$(TEST_HOST)";
				CODE_SIGN_STYLE = Automatic;
				COMBINE_HIDPI_IMAGES = YES;
				DEVELOPMENT_TEAM = Y56BAH343T;
				INFOPLIST_FILE = CubeAgentMacOSTests/Info.plist;
				LD_RUNPATH_SEARCH_PATHS = (
					"$(inherited)",
					"@executable_path/../Frameworks",
					"@loader_path/../Frameworks",
				);
				PRODUCT_BUNDLE_IDENTIFIER = com.xanadutec.CubeAgentMacOSTests;
				PRODUCT_NAME = "$(TARGET_NAME)";
				TEST_HOST = "$(BUILT_PRODUCTS_DIR)/CubeAgentMacOS.app/Contents/MacOS/CubeAgentMacOS";
			};
			name = Release;
		};
		841E1B7121A80BCF006F5C63 /* Debug */ = {
			isa = XCBuildConfiguration;
			baseConfigurationReference = 58966E2468DA07209F27720A /* Pods-CubeAgentMacOSUITests.debug.xcconfig */;
			buildSettings = {
				CODE_SIGN_STYLE = Automatic;
				COMBINE_HIDPI_IMAGES = YES;
				DEVELOPMENT_TEAM = Y56BAH343T;
				INFOPLIST_FILE = CubeAgentMacOSUITests/Info.plist;
				LD_RUNPATH_SEARCH_PATHS = (
					"$(inherited)",
					"@executable_path/../Frameworks",
					"@loader_path/../Frameworks",
				);
				PRODUCT_BUNDLE_IDENTIFIER = com.xanadutec.CubeAgentMacOSUITests;
				PRODUCT_NAME = "$(TARGET_NAME)";
				TEST_TARGET_NAME = CubeAgentMacOS;
			};
			name = Debug;
		};
		841E1B7221A80BCF006F5C63 /* Release */ = {
			isa = XCBuildConfiguration;
			baseConfigurationReference = 0C2420EF1B5864FD0C5433F5 /* Pods-CubeAgentMacOSUITests.release.xcconfig */;
			buildSettings = {
				CODE_SIGN_STYLE = Automatic;
				COMBINE_HIDPI_IMAGES = YES;
				DEVELOPMENT_TEAM = Y56BAH343T;
				INFOPLIST_FILE = CubeAgentMacOSUITests/Info.plist;
				LD_RUNPATH_SEARCH_PATHS = (
					"$(inherited)",
					"@executable_path/../Frameworks",
					"@loader_path/../Frameworks",
				);
				PRODUCT_BUNDLE_IDENTIFIER = com.xanadutec.CubeAgentMacOSUITests;
				PRODUCT_NAME = "$(TARGET_NAME)";
				TEST_TARGET_NAME = CubeAgentMacOS;
			};
			name = Release;
		};
/* End XCBuildConfiguration section */

/* Begin XCConfigurationList section */
		841E1B3B21A80BCB006F5C63 /* Build configuration list for PBXProject "CubeAgentMacOS" */ = {
			isa = XCConfigurationList;
			buildConfigurations = (
				841E1B6821A80BCF006F5C63 /* Debug */,
				841E1B6921A80BCF006F5C63 /* Release */,
			);
			defaultConfigurationIsVisible = 0;
			defaultConfigurationName = Release;
		};
		841E1B6A21A80BCF006F5C63 /* Build configuration list for PBXNativeTarget "CubeAgentMacOS" */ = {
			isa = XCConfigurationList;
			buildConfigurations = (
				841E1B6B21A80BCF006F5C63 /* Debug */,
				841E1B6C21A80BCF006F5C63 /* Release */,
			);
			defaultConfigurationIsVisible = 0;
			defaultConfigurationName = Release;
		};
		841E1B6D21A80BCF006F5C63 /* Build configuration list for PBXNativeTarget "CubeAgentMacOSTests" */ = {
			isa = XCConfigurationList;
			buildConfigurations = (
				841E1B6E21A80BCF006F5C63 /* Debug */,
				841E1B6F21A80BCF006F5C63 /* Release */,
			);
			defaultConfigurationIsVisible = 0;
			defaultConfigurationName = Release;
		};
		841E1B7021A80BCF006F5C63 /* Build configuration list for PBXNativeTarget "CubeAgentMacOSUITests" */ = {
			isa = XCConfigurationList;
			buildConfigurations = (
				841E1B7121A80BCF006F5C63 /* Debug */,
				841E1B7221A80BCF006F5C63 /* Release */,
			);
			defaultConfigurationIsVisible = 0;
			defaultConfigurationName = Release;
		};
/* End XCConfigurationList section */
	};
	rootObject = 841E1B3821A80BCB006F5C63 /* Project object */;
}
